// !$*UTF8*$!
{
	archiveVersion = 1;
	classes = {
	};
	objectVersion = 46;
	objects = {

/* Begin PBXBuildFile section */
		21B8A0AB1EA474B400E48200 /* FacebookLogInViewController.swift in Sources */ = {isa = PBXBuildFile; fileRef = 21B8A0AA1EA474B400E48200 /* FacebookLogInViewController.swift */; };
		21B8A0AE1EA482AE00E48200 /* Instagram.swift in Sources */ = {isa = PBXBuildFile; fileRef = 21B8A0AD1EA482AD00E48200 /* Instagram.swift */; };
		21B8A0B11EA4C08600E48200 /* TimeLineTableViewCell.swift in Sources */ = {isa = PBXBuildFile; fileRef = 21B8A0AF1EA4C08600E48200 /* TimeLineTableViewCell.swift */; };
		21B8A0B21EA4C08600E48200 /* TimeLineTableViewCell.xib in Resources */ = {isa = PBXBuildFile; fileRef = 21B8A0B01EA4C08600E48200 /* TimeLineTableViewCell.xib */; };
		21B8A0B61EA5B41800E48200 /* EditProfileTableViewController.swift in Sources */ = {isa = PBXBuildFile; fileRef = 21B8A0B51EA5B41800E48200 /* EditProfileTableViewController.swift */; };
		21B8A0B81EA5C65600E48200 /* TimeLineViewController.swift in Sources */ = {isa = PBXBuildFile; fileRef = 21B8A0B71EA5C65600E48200 /* TimeLineViewController.swift */; };
		21E80CF51EA357500014A0BC /* RegisterViewController.swift in Sources */ = {isa = PBXBuildFile; fileRef = 21E80CF41EA357500014A0BC /* RegisterViewController.swift */; };
		21E80CFA1EA36C8A0014A0BC /* GoogleService-Info.plist in Resources */ = {isa = PBXBuildFile; fileRef = 21E80CF91EA36C8A0014A0BC /* GoogleService-Info.plist */; };
		21E80CFC1EA36D8D0014A0BC /* LogInViewController.swift in Sources */ = {isa = PBXBuildFile; fileRef = 21E80CFB1EA36D8D0014A0BC /* LogInViewController.swift */; };
		21FAEC561EA64C4D009C7B48 /* UploadImageViewController.swift in Sources */ = {isa = PBXBuildFile; fileRef = 21FAEC551EA64C4D009C7B48 /* UploadImageViewController.swift */; };
		21FAEC581EA7107C009C7B48 /* NewPostTableViewController.swift in Sources */ = {isa = PBXBuildFile; fileRef = 21FAEC571EA7107C009C7B48 /* NewPostTableViewController.swift */; };
		67331B041EA0BD1E00B0005A /* AppDelegate.swift in Sources */ = {isa = PBXBuildFile; fileRef = 67331B031EA0BD1E00B0005A /* AppDelegate.swift */; };
		67331B0B1EA0BD1E00B0005A /* Assets.xcassets in Resources */ = {isa = PBXBuildFile; fileRef = 67331B0A1EA0BD1E00B0005A /* Assets.xcassets */; };
		67331B0E1EA0BD1E00B0005A /* LaunchScreen.storyboard in Resources */ = {isa = PBXBuildFile; fileRef = 67331B0C1EA0BD1E00B0005A /* LaunchScreen.storyboard */; };
		6762A8311EA6205E00C844EB /* SearchViewController.swift in Sources */ = {isa = PBXBuildFile; fileRef = 6762A8301EA6205E00C844EB /* SearchViewController.swift */; };
		6794BC8E1EA201C4008E0DA2 /* Auth.storyboard in Resources */ = {isa = PBXBuildFile; fileRef = 6794BC8D1EA201C4008E0DA2 /* Auth.storyboard */; };
		67C5D5F21EA240DF008C2535 /* User.swift in Sources */ = {isa = PBXBuildFile; fileRef = 67C5D5F11EA240DF008C2535 /* User.swift */; };
		67FAFB851EA4A8EB0025C03C /* Main.storyboard in Resources */ = {isa = PBXBuildFile; fileRef = 67FAFB831EA4A8EB0025C03C /* Main.storyboard */; };
		67FAFB871EA4A9020025C03C /* Photo.swift in Sources */ = {isa = PBXBuildFile; fileRef = 67FAFB861EA4A9020025C03C /* Photo.swift */; };
		67FAFB891EA4A9100025C03C /* ProfileViewController.swift in Sources */ = {isa = PBXBuildFile; fileRef = 67FAFB881EA4A9100025C03C /* ProfileViewController.swift */; };
		67FAFB8B1EA4A91E0025C03C /* PhotoCollectionViewCell.swift in Sources */ = {isa = PBXBuildFile; fileRef = 67FAFB8A1EA4A91E0025C03C /* PhotoCollectionViewCell.swift */; };
		AD32C4AB402FA78B5BBA5E2A /* Pods_InstaClone.framework in Frameworks */ = {isa = PBXBuildFile; fileRef = 32285BEE87434148DF6C7AE8 /* Pods_InstaClone.framework */; };
		CEC1C6591EA619F2004AD112 /* CommentsTableViewCell.swift in Sources */ = {isa = PBXBuildFile; fileRef = CEC1C6571EA619F2004AD112 /* CommentsTableViewCell.swift */; };
		CEC1C65A1EA619F2004AD112 /* CommentsTableViewCell.xib in Resources */ = {isa = PBXBuildFile; fileRef = CEC1C6581EA619F2004AD112 /* CommentsTableViewCell.xib */; };
		CEC1C65C1EA61C40004AD112 /* CommentsViewController.swift in Sources */ = {isa = PBXBuildFile; fileRef = CEC1C65B1EA61C40004AD112 /* CommentsViewController.swift */; };
		CEC1C6641EA73A72004AD112 /* Comment.swift in Sources */ = {isa = PBXBuildFile; fileRef = CEC1C6631EA73A72004AD112 /* Comment.swift */; };
/* End PBXBuildFile section */

/* Begin PBXFileReference section */
		21B8A0AA1EA474B400E48200 /* FacebookLogInViewController.swift */ = {isa = PBXFileReference; fileEncoding = 4; lastKnownFileType = sourcecode.swift; path = FacebookLogInViewController.swift; sourceTree = "<group>"; };
		21B8A0AD1EA482AD00E48200 /* Instagram.swift */ = {isa = PBXFileReference; fileEncoding = 4; lastKnownFileType = sourcecode.swift; path = Instagram.swift; sourceTree = "<group>"; };
		21B8A0AF1EA4C08600E48200 /* TimeLineTableViewCell.swift */ = {isa = PBXFileReference; fileEncoding = 4; lastKnownFileType = sourcecode.swift; path = TimeLineTableViewCell.swift; sourceTree = "<group>"; };
		21B8A0B01EA4C08600E48200 /* TimeLineTableViewCell.xib */ = {isa = PBXFileReference; fileEncoding = 4; lastKnownFileType = file.xib; path = TimeLineTableViewCell.xib; sourceTree = "<group>"; };
		21B8A0B51EA5B41800E48200 /* EditProfileTableViewController.swift */ = {isa = PBXFileReference; fileEncoding = 4; lastKnownFileType = sourcecode.swift; path = EditProfileTableViewController.swift; sourceTree = "<group>"; };
		21B8A0B71EA5C65600E48200 /* TimeLineViewController.swift */ = {isa = PBXFileReference; fileEncoding = 4; lastKnownFileType = sourcecode.swift; path = TimeLineViewController.swift; sourceTree = "<group>"; };
		21E80CF41EA357500014A0BC /* RegisterViewController.swift */ = {isa = PBXFileReference; fileEncoding = 4; lastKnownFileType = sourcecode.swift; path = RegisterViewController.swift; sourceTree = "<group>"; };
		21E80CF91EA36C8A0014A0BC /* GoogleService-Info.plist */ = {isa = PBXFileReference; fileEncoding = 4; lastKnownFileType = text.plist.xml; path = "GoogleService-Info.plist"; sourceTree = "<group>"; };
		21E80CFB1EA36D8D0014A0BC /* LogInViewController.swift */ = {isa = PBXFileReference; fileEncoding = 4; lastKnownFileType = sourcecode.swift; path = LogInViewController.swift; sourceTree = "<group>"; };
		21FAEC551EA64C4D009C7B48 /* UploadImageViewController.swift */ = {isa = PBXFileReference; fileEncoding = 4; lastKnownFileType = sourcecode.swift; path = UploadImageViewController.swift; sourceTree = "<group>"; };
		21FAEC571EA7107C009C7B48 /* NewPostTableViewController.swift */ = {isa = PBXFileReference; fileEncoding = 4; lastKnownFileType = sourcecode.swift; path = NewPostTableViewController.swift; sourceTree = "<group>"; };
		32285BEE87434148DF6C7AE8 /* Pods_InstaClone.framework */ = {isa = PBXFileReference; explicitFileType = wrapper.framework; includeInIndex = 0; path = Pods_InstaClone.framework; sourceTree = BUILT_PRODUCTS_DIR; };
		54B8C36CA50F0EE528C092BD /* Pods-InstaClone.debug.xcconfig */ = {isa = PBXFileReference; includeInIndex = 1; lastKnownFileType = text.xcconfig; name = "Pods-InstaClone.debug.xcconfig"; path = "Pods/Target Support Files/Pods-InstaClone/Pods-InstaClone.debug.xcconfig"; sourceTree = "<group>"; };
		67331B001EA0BD1E00B0005A /* InstaClone.app */ = {isa = PBXFileReference; explicitFileType = wrapper.application; includeInIndex = 0; path = InstaClone.app; sourceTree = BUILT_PRODUCTS_DIR; };
		67331B031EA0BD1E00B0005A /* AppDelegate.swift */ = {isa = PBXFileReference; lastKnownFileType = sourcecode.swift; path = AppDelegate.swift; sourceTree = "<group>"; };
		67331B0A1EA0BD1E00B0005A /* Assets.xcassets */ = {isa = PBXFileReference; lastKnownFileType = folder.assetcatalog; path = Assets.xcassets; sourceTree = "<group>"; };
		67331B0D1EA0BD1E00B0005A /* Base */ = {isa = PBXFileReference; lastKnownFileType = file.storyboard; name = Base; path = Base.lproj/LaunchScreen.storyboard; sourceTree = "<group>"; };
		67331B0F1EA0BD1E00B0005A /* Info.plist */ = {isa = PBXFileReference; lastKnownFileType = text.plist.xml; path = Info.plist; sourceTree = "<group>"; };
		6762A8301EA6205E00C844EB /* SearchViewController.swift */ = {isa = PBXFileReference; fileEncoding = 4; lastKnownFileType = sourcecode.swift; path = SearchViewController.swift; sourceTree = "<group>"; };
		6794BC8D1EA201C4008E0DA2 /* Auth.storyboard */ = {isa = PBXFileReference; fileEncoding = 4; lastKnownFileType = file.storyboard; path = Auth.storyboard; sourceTree = "<group>"; };
		67C5D5F11EA240DF008C2535 /* User.swift */ = {isa = PBXFileReference; fileEncoding = 4; lastKnownFileType = sourcecode.swift; path = User.swift; sourceTree = "<group>"; };
		67FAFB841EA4A8EB0025C03C /* Base */ = {isa = PBXFileReference; lastKnownFileType = file.storyboard; name = Base; path = Base.lproj/Main.storyboard; sourceTree = "<group>"; };
		67FAFB861EA4A9020025C03C /* Photo.swift */ = {isa = PBXFileReference; fileEncoding = 4; lastKnownFileType = sourcecode.swift; path = Photo.swift; sourceTree = "<group>"; };
		67FAFB881EA4A9100025C03C /* ProfileViewController.swift */ = {isa = PBXFileReference; fileEncoding = 4; lastKnownFileType = sourcecode.swift; path = ProfileViewController.swift; sourceTree = "<group>"; };
		67FAFB8A1EA4A91E0025C03C /* PhotoCollectionViewCell.swift */ = {isa = PBXFileReference; fileEncoding = 4; lastKnownFileType = sourcecode.swift; path = PhotoCollectionViewCell.swift; sourceTree = "<group>"; };
		A432F85EA74D0DB5CDA17ED7 /* Pods-InstaClone.release.xcconfig */ = {isa = PBXFileReference; includeInIndex = 1; lastKnownFileType = text.xcconfig; name = "Pods-InstaClone.release.xcconfig"; path = "Pods/Target Support Files/Pods-InstaClone/Pods-InstaClone.release.xcconfig"; sourceTree = "<group>"; };
		CEC1C6571EA619F2004AD112 /* CommentsTableViewCell.swift */ = {isa = PBXFileReference; fileEncoding = 4; lastKnownFileType = sourcecode.swift; path = CommentsTableViewCell.swift; sourceTree = "<group>"; };
		CEC1C6581EA619F2004AD112 /* CommentsTableViewCell.xib */ = {isa = PBXFileReference; fileEncoding = 4; lastKnownFileType = file.xib; path = CommentsTableViewCell.xib; sourceTree = "<group>"; };
		CEC1C65B1EA61C40004AD112 /* CommentsViewController.swift */ = {isa = PBXFileReference; fileEncoding = 4; lastKnownFileType = sourcecode.swift; path = CommentsViewController.swift; sourceTree = "<group>"; };
		CEC1C6631EA73A72004AD112 /* Comment.swift */ = {isa = PBXFileReference; fileEncoding = 4; lastKnownFileType = sourcecode.swift; path = Comment.swift; sourceTree = "<group>"; };
/* End PBXFileReference section */

/* Begin PBXFrameworksBuildPhase section */
		67331AFD1EA0BD1E00B0005A /* Frameworks */ = {
			isa = PBXFrameworksBuildPhase;
			buildActionMask = 2147483647;
			files = (
				AD32C4AB402FA78B5BBA5E2A /* Pods_InstaClone.framework in Frameworks */,
			);
			runOnlyForDeploymentPostprocessing = 0;
		};
/* End PBXFrameworksBuildPhase section */

/* Begin PBXGroup section */
		211F578A6B6AA749F9F25295 /* Frameworks */ = {
			isa = PBXGroup;
			children = (
				32285BEE87434148DF6C7AE8 /* Pods_InstaClone.framework */,
			);
			name = Frameworks;
			sourceTree = "<group>";
		};
		21B8A0A81EA4732D00E48200 /* View */ = {
			isa = PBXGroup;
			children = (
				67FAFB8A1EA4A91E0025C03C /* PhotoCollectionViewCell.swift */,
			);
			name = View;
			sourceTree = "<group>";
		};
		21B8A0A91EA4733C00E48200 /* Controller */ = {
			isa = PBXGroup;
			children = (
				6762A8301EA6205E00C844EB /* SearchViewController.swift */,
				CEC1C65B1EA61C40004AD112 /* CommentsViewController.swift */,
				CEC1C6571EA619F2004AD112 /* CommentsTableViewCell.swift */,
				CEC1C6581EA619F2004AD112 /* CommentsTableViewCell.xib */,
				67FAFB881EA4A9100025C03C /* ProfileViewController.swift */,
				21B8A0AF1EA4C08600E48200 /* TimeLineTableViewCell.swift */,
				21B8A0B01EA4C08600E48200 /* TimeLineTableViewCell.xib */,
				21B8A0B71EA5C65600E48200 /* TimeLineViewController.swift */,
				21B8A0B51EA5B41800E48200 /* EditProfileTableViewController.swift */,
				21FAEC551EA64C4D009C7B48 /* UploadImageViewController.swift */,
				21FAEC571EA7107C009C7B48 /* NewPostTableViewController.swift */,
			);
			name = Controller;
			sourceTree = "<group>";
		};
		21B8A0AC1EA4825C00E48200 /* Model */ = {
			isa = PBXGroup;
			children = (
				CEC1C6631EA73A72004AD112 /* Comment.swift */,
				67C5D5F11EA240DF008C2535 /* User.swift */,
				67FAFB861EA4A9020025C03C /* Photo.swift */,
				21B8A0AD1EA482AD00E48200 /* Instagram.swift */,
			);
			name = Model;
			sourceTree = "<group>";
		};
		21FAEC591EA739F3009C7B48 /* Auth Storyboard */ = {
			isa = PBXGroup;
			children = (
				21E80CFB1EA36D8D0014A0BC /* LogInViewController.swift */,
				21E80CF41EA357500014A0BC /* RegisterViewController.swift */,
				21B8A0AA1EA474B400E48200 /* FacebookLogInViewController.swift */,
				6794BC8D1EA201C4008E0DA2 /* Auth.storyboard */,
			);
			name = "Auth Storyboard";
			sourceTree = "<group>";
		};
		5704EC229919BB09220F9E65 /* Pods */ = {
			isa = PBXGroup;
			children = (
				54B8C36CA50F0EE528C092BD /* Pods-InstaClone.debug.xcconfig */,
				A432F85EA74D0DB5CDA17ED7 /* Pods-InstaClone.release.xcconfig */,
			);
			name = Pods;
			sourceTree = "<group>";
		};
		67331AF71EA0BD1E00B0005A = {
			isa = PBXGroup;
			children = (
				67331B021EA0BD1E00B0005A /* InstaClone */,
				67331B011EA0BD1E00B0005A /* Products */,
				5704EC229919BB09220F9E65 /* Pods */,
				211F578A6B6AA749F9F25295 /* Frameworks */,
			);
			sourceTree = "<group>";
		};
		67331B011EA0BD1E00B0005A /* Products */ = {
			isa = PBXGroup;
			children = (
				67331B001EA0BD1E00B0005A /* InstaClone.app */,
			);
			name = Products;
			sourceTree = "<group>";
		};
		67331B021EA0BD1E00B0005A /* InstaClone */ = {
			isa = PBXGroup;
			children = (
				21B8A0AC1EA4825C00E48200 /* Model */,
				67331B031EA0BD1E00B0005A /* AppDelegate.swift */,
				21B8A0A81EA4732D00E48200 /* View */,
				21B8A0A91EA4733C00E48200 /* Controller */,
				21FAEC591EA739F3009C7B48 /* Auth Storyboard */,
				67FAFB831EA4A8EB0025C03C /* Main.storyboard */,
				67331B0A1EA0BD1E00B0005A /* Assets.xcassets */,
				67331B0C1EA0BD1E00B0005A /* LaunchScreen.storyboard */,
				21E80CF91EA36C8A0014A0BC /* GoogleService-Info.plist */,
				67331B0F1EA0BD1E00B0005A /* Info.plist */,
			);
			path = InstaClone;
			sourceTree = "<group>";
		};
/* End PBXGroup section */

/* Begin PBXNativeTarget section */
		67331AFF1EA0BD1E00B0005A /* InstaClone */ = {
			isa = PBXNativeTarget;
			buildConfigurationList = 67331B121EA0BD1E00B0005A /* Build configuration list for PBXNativeTarget "InstaClone" */;
			buildPhases = (
				8582C25EC3F6136442FD86CA /* [CP] Check Pods Manifest.lock */,
				67331AFC1EA0BD1E00B0005A /* Sources */,
				67331AFD1EA0BD1E00B0005A /* Frameworks */,
				67331AFE1EA0BD1E00B0005A /* Resources */,
				D08AA890DB0D7798E0FD2706 /* [CP] Embed Pods Frameworks */,
				EAEFDB1E194B15B0172204A1 /* [CP] Copy Pods Resources */,
			);
			buildRules = (
			);
			dependencies = (
			);
			name = InstaClone;
			productName = InstaClone;
			productReference = 67331B001EA0BD1E00B0005A /* InstaClone.app */;
			productType = "com.apple.product-type.application";
		};
/* End PBXNativeTarget section */

/* Begin PBXProject section */
		67331AF81EA0BD1E00B0005A /* Project object */ = {
			isa = PBXProject;
			attributes = {
				LastSwiftUpdateCheck = 0830;
				LastUpgradeCheck = 0830;
				ORGANIZATIONNAME = teamHearts;
				TargetAttributes = {
					67331AFF1EA0BD1E00B0005A = {
						CreatedOnToolsVersion = 8.3.1;
						DevelopmentTeam = ZQ547JDPVM;
						ProvisioningStyle = Automatic;
					};
				};
			};
			buildConfigurationList = 67331AFB1EA0BD1E00B0005A /* Build configuration list for PBXProject "InstaClone" */;
			compatibilityVersion = "Xcode 3.2";
			developmentRegion = English;
			hasScannedForEncodings = 0;
			knownRegions = (
				en,
				Base,
			);
			mainGroup = 67331AF71EA0BD1E00B0005A;
			productRefGroup = 67331B011EA0BD1E00B0005A /* Products */;
			projectDirPath = "";
			projectRoot = "";
			targets = (
				67331AFF1EA0BD1E00B0005A /* InstaClone */,
			);
		};
/* End PBXProject section */

/* Begin PBXResourcesBuildPhase section */
		67331AFE1EA0BD1E00B0005A /* Resources */ = {
			isa = PBXResourcesBuildPhase;
			buildActionMask = 2147483647;
			files = (
				21B8A0B21EA4C08600E48200 /* TimeLineTableViewCell.xib in Resources */,
				67331B0E1EA0BD1E00B0005A /* LaunchScreen.storyboard in Resources */,
				67FAFB851EA4A8EB0025C03C /* Main.storyboard in Resources */,
				6794BC8E1EA201C4008E0DA2 /* Auth.storyboard in Resources */,
				21E80CFA1EA36C8A0014A0BC /* GoogleService-Info.plist in Resources */,
				67331B0B1EA0BD1E00B0005A /* Assets.xcassets in Resources */,
				CEC1C65A1EA619F2004AD112 /* CommentsTableViewCell.xib in Resources */,
			);
			runOnlyForDeploymentPostprocessing = 0;
		};
/* End PBXResourcesBuildPhase section */

/* Begin PBXShellScriptBuildPhase section */
		8582C25EC3F6136442FD86CA /* [CP] Check Pods Manifest.lock */ = {
			isa = PBXShellScriptBuildPhase;
			buildActionMask = 2147483647;
			files = (
			);
			inputPaths = (
			);
			name = "[CP] Check Pods Manifest.lock";
			outputPaths = (
			);
			runOnlyForDeploymentPostprocessing = 0;
			shellPath = /bin/sh;
			shellScript = "diff \"${PODS_ROOT}/../Podfile.lock\" \"${PODS_ROOT}/Manifest.lock\" > /dev/null\nif [ $? != 0 ] ; then\n    # print error to STDERR\n    echo \"error: The sandbox is not in sync with the Podfile.lock. Run 'pod install' or update your CocoaPods installation.\" >&2\n    exit 1\nfi\n";
			showEnvVarsInLog = 0;
		};
		D08AA890DB0D7798E0FD2706 /* [CP] Embed Pods Frameworks */ = {
			isa = PBXShellScriptBuildPhase;
			buildActionMask = 2147483647;
			files = (
			);
			inputPaths = (
			);
			name = "[CP] Embed Pods Frameworks";
			outputPaths = (
			);
			runOnlyForDeploymentPostprocessing = 0;
			shellPath = /bin/sh;
			shellScript = "\"${SRCROOT}/Pods/Target Support Files/Pods-InstaClone/Pods-InstaClone-frameworks.sh\"\n";
			showEnvVarsInLog = 0;
		};
		EAEFDB1E194B15B0172204A1 /* [CP] Copy Pods Resources */ = {
			isa = PBXShellScriptBuildPhase;
			buildActionMask = 2147483647;
			files = (
			);
			inputPaths = (
			);
			name = "[CP] Copy Pods Resources";
			outputPaths = (
			);
			runOnlyForDeploymentPostprocessing = 0;
			shellPath = /bin/sh;
			shellScript = "\"${SRCROOT}/Pods/Target Support Files/Pods-InstaClone/Pods-InstaClone-resources.sh\"\n";
			showEnvVarsInLog = 0;
		};
/* End PBXShellScriptBuildPhase section */

/* Begin PBXSourcesBuildPhase section */
		67331AFC1EA0BD1E00B0005A /* Sources */ = {
			isa = PBXSourcesBuildPhase;
			buildActionMask = 2147483647;
			files = (
				67FAFB871EA4A9020025C03C /* Photo.swift in Sources */,
				67FAFB8B1EA4A91E0025C03C /* PhotoCollectionViewCell.swift in Sources */,
				21E80CFC1EA36D8D0014A0BC /* LogInViewController.swift in Sources */,
				21B8A0AB1EA474B400E48200 /* FacebookLogInViewController.swift in Sources */,
				67331B041EA0BD1E00B0005A /* AppDelegate.swift in Sources */,
				21B8A0B81EA5C65600E48200 /* TimeLineViewController.swift in Sources */,
				21FAEC581EA7107C009C7B48 /* NewPostTableViewController.swift in Sources */,
				21FAEC561EA64C4D009C7B48 /* UploadImageViewController.swift in Sources */,
				21B8A0AE1EA482AE00E48200 /* Instagram.swift in Sources */,
				6762A8311EA6205E00C844EB /* SearchViewController.swift in Sources */,
				CEC1C65C1EA61C40004AD112 /* CommentsViewController.swift in Sources */,
				21B8A0B11EA4C08600E48200 /* TimeLineTableViewCell.swift in Sources */,
				21B8A0B61EA5B41800E48200 /* EditProfileTableViewController.swift in Sources */,
				CEC1C6641EA73A72004AD112 /* Comment.swift in Sources */,
				67FAFB891EA4A9100025C03C /* ProfileViewController.swift in Sources */,
				CEC1C6591EA619F2004AD112 /* CommentsTableViewCell.swift in Sources */,
				67C5D5F21EA240DF008C2535 /* User.swift in Sources */,
				21E80CF51EA357500014A0BC /* RegisterViewController.swift in Sources */,
			);
			runOnlyForDeploymentPostprocessing = 0;
		};
/* End PBXSourcesBuildPhase section */

/* Begin PBXVariantGroup section */
		67331B0C1EA0BD1E00B0005A /* LaunchScreen.storyboard */ = {
			isa = PBXVariantGroup;
			children = (
				67331B0D1EA0BD1E00B0005A /* Base */,
			);
			name = LaunchScreen.storyboard;
			sourceTree = "<group>";
		};
		67FAFB831EA4A8EB0025C03C /* Main.storyboard */ = {
			isa = PBXVariantGroup;
			children = (
				67FAFB841EA4A8EB0025C03C /* Base */,
			);
			name = Main.storyboard;
			sourceTree = "<group>";
		};
/* End PBXVariantGroup section */

/* Begin XCBuildConfiguration section */
		67331B101EA0BD1E00B0005A /* Debug */ = {
			isa = XCBuildConfiguration;
			buildSettings = {
				ALWAYS_SEARCH_USER_PATHS = NO;
				CLANG_ANALYZER_NONNULL = YES;
				CLANG_ANALYZER_NUMBER_OBJECT_CONVERSION = YES_AGGRESSIVE;
				CLANG_CXX_LANGUAGE_STANDARD = "gnu++0x";
				CLANG_CXX_LIBRARY = "libc++";
				CLANG_ENABLE_MODULES = YES;
				CLANG_ENABLE_OBJC_ARC = YES;
				CLANG_WARN_BOOL_CONVERSION = YES;
				CLANG_WARN_CONSTANT_CONVERSION = YES;
				CLANG_WARN_DIRECT_OBJC_ISA_USAGE = YES_ERROR;
				CLANG_WARN_DOCUMENTATION_COMMENTS = YES;
				CLANG_WARN_EMPTY_BODY = YES;
				CLANG_WARN_ENUM_CONVERSION = YES;
				CLANG_WARN_INFINITE_RECURSION = YES;
				CLANG_WARN_INT_CONVERSION = YES;
				CLANG_WARN_OBJC_ROOT_CLASS = YES_ERROR;
				CLANG_WARN_SUSPICIOUS_MOVE = YES;
				CLANG_WARN_UNREACHABLE_CODE = YES;
				CLANG_WARN__DUPLICATE_METHOD_MATCH = YES;
				"CODE_SIGN_IDENTITY[sdk=iphoneos*]" = "iPhone Developer";
				COPY_PHASE_STRIP = NO;
				DEBUG_INFORMATION_FORMAT = dwarf;
				ENABLE_STRICT_OBJC_MSGSEND = YES;
				ENABLE_TESTABILITY = YES;
				GCC_C_LANGUAGE_STANDARD = gnu99;
				GCC_DYNAMIC_NO_PIC = NO;
				GCC_NO_COMMON_BLOCKS = YES;
				GCC_OPTIMIZATION_LEVEL = 0;
				GCC_PREPROCESSOR_DEFINITIONS = (
					"DEBUG=1",
					"$(inherited)",
				);
				GCC_WARN_64_TO_32_BIT_CONVERSION = YES;
				GCC_WARN_ABOUT_RETURN_TYPE = YES_ERROR;
				GCC_WARN_UNDECLARED_SELECTOR = YES;
				GCC_WARN_UNINITIALIZED_AUTOS = YES_AGGRESSIVE;
				GCC_WARN_UNUSED_FUNCTION = YES;
				GCC_WARN_UNUSED_VARIABLE = YES;
				IPHONEOS_DEPLOYMENT_TARGET = 10.3;
				MTL_ENABLE_DEBUG_INFO = YES;
				ONLY_ACTIVE_ARCH = YES;
				SDKROOT = iphoneos;
				SWIFT_ACTIVE_COMPILATION_CONDITIONS = DEBUG;
				SWIFT_OPTIMIZATION_LEVEL = "-Onone";
			};
			name = Debug;
		};
		67331B111EA0BD1E00B0005A /* Release */ = {
			isa = XCBuildConfiguration;
			buildSettings = {
				ALWAYS_SEARCH_USER_PATHS = NO;
				CLANG_ANALYZER_NONNULL = YES;
				CLANG_ANALYZER_NUMBER_OBJECT_CONVERSION = YES_AGGRESSIVE;
				CLANG_CXX_LANGUAGE_STANDARD = "gnu++0x";
				CLANG_CXX_LIBRARY = "libc++";
				CLANG_ENABLE_MODULES = YES;
				CLANG_ENABLE_OBJC_ARC = YES;
				CLANG_WARN_BOOL_CONVERSION = YES;
				CLANG_WARN_CONSTANT_CONVERSION = YES;
				CLANG_WARN_DIRECT_OBJC_ISA_USAGE = YES_ERROR;
				CLANG_WARN_DOCUMENTATION_COMMENTS = YES;
				CLANG_WARN_EMPTY_BODY = YES;
				CLANG_WARN_ENUM_CONVERSION = YES;
				CLANG_WARN_INFINITE_RECURSION = YES;
				CLANG_WARN_INT_CONVERSION = YES;
				CLANG_WARN_OBJC_ROOT_CLASS = YES_ERROR;
				CLANG_WARN_SUSPICIOUS_MOVE = YES;
				CLANG_WARN_UNREACHABLE_CODE = YES;
				CLANG_WARN__DUPLICATE_METHOD_MATCH = YES;
				"CODE_SIGN_IDENTITY[sdk=iphoneos*]" = "iPhone Developer";
				COPY_PHASE_STRIP = NO;
				DEBUG_INFORMATION_FORMAT = "dwarf-with-dsym";
				ENABLE_NS_ASSERTIONS = NO;
				ENABLE_STRICT_OBJC_MSGSEND = YES;
				GCC_C_LANGUAGE_STANDARD = gnu99;
				GCC_NO_COMMON_BLOCKS = YES;
				GCC_WARN_64_TO_32_BIT_CONVERSION = YES;
				GCC_WARN_ABOUT_RETURN_TYPE = YES_ERROR;
				GCC_WARN_UNDECLARED_SELECTOR = YES;
				GCC_WARN_UNINITIALIZED_AUTOS = YES_AGGRESSIVE;
				GCC_WARN_UNUSED_FUNCTION = YES;
				GCC_WARN_UNUSED_VARIABLE = YES;
				IPHONEOS_DEPLOYMENT_TARGET = 10.3;
				MTL_ENABLE_DEBUG_INFO = NO;
				SDKROOT = iphoneos;
				SWIFT_OPTIMIZATION_LEVEL = "-Owholemodule";
				VALIDATE_PRODUCT = YES;
			};
			name = Release;
		};
		67331B131EA0BD1E00B0005A /* Debug */ = {
			isa = XCBuildConfiguration;
			baseConfigurationReference = 54B8C36CA50F0EE528C092BD /* Pods-InstaClone.debug.xcconfig */;
			buildSettings = {
				ASSETCATALOG_COMPILER_APPICON_NAME = AppIcon;
				DEVELOPMENT_TEAM = ZQ547JDPVM;
				INFOPLIST_FILE = InstaClone/Info.plist;
				IPHONEOS_DEPLOYMENT_TARGET = 10.2;
				LD_RUNPATH_SEARCH_PATHS = "$(inherited) @executable_path/Frameworks";
				PRODUCT_BUNDLE_IDENTIFIER = teamHearts.InstaClone;
				PRODUCT_NAME = "$(TARGET_NAME)";
				SWIFT_VERSION = 3.0;
			};
			name = Debug;
		};
		67331B141EA0BD1E00B0005A /* Release */ = {
			isa = XCBuildConfiguration;
			baseConfigurationReference = A432F85EA74D0DB5CDA17ED7 /* Pods-InstaClone.release.xcconfig */;
			buildSettings = {
				ASSETCATALOG_COMPILER_APPICON_NAME = AppIcon;
				DEVELOPMENT_TEAM = ZQ547JDPVM;
				INFOPLIST_FILE = InstaClone/Info.plist;
				IPHONEOS_DEPLOYMENT_TARGET = 10.2;
				LD_RUNPATH_SEARCH_PATHS = "$(inherited) @executable_path/Frameworks";
				PRODUCT_BUNDLE_IDENTIFIER = teamHearts.InstaClone;
				PRODUCT_NAME = "$(TARGET_NAME)";
				SWIFT_VERSION = 3.0;
			};
			name = Release;
		};
/* End XCBuildConfiguration section */

/* Begin XCConfigurationList section */
		67331AFB1EA0BD1E00B0005A /* Build configuration list for PBXProject "InstaClone" */ = {
			isa = XCConfigurationList;
			buildConfigurations = (
				67331B101EA0BD1E00B0005A /* Debug */,
				67331B111EA0BD1E00B0005A /* Release */,
			);
			defaultConfigurationIsVisible = 0;
			defaultConfigurationName = Release;
		};
		67331B121EA0BD1E00B0005A /* Build configuration list for PBXNativeTarget "InstaClone" */ = {
			isa = XCConfigurationList;
			buildConfigurations = (
				67331B131EA0BD1E00B0005A /* Debug */,
				67331B141EA0BD1E00B0005A /* Release */,
			);
			defaultConfigurationIsVisible = 0;
			defaultConfigurationName = Release;
		};
/* End XCConfigurationList section */
	};
	rootObject = 67331AF81EA0BD1E00B0005A /* Project object */;
}
